
Microsoft Visual Studio Solution File, Format Version 12.00
# Visual Studio Version 17
VisualStudioVersion = 17.0.31903.59
MinimumVisualStudioVersion = 10.0.40219.1
Project("{FAE04EC0-301F-11D3-BF4B-00C04F79EFBC}") = "APITask.Tests", "APITask.Tests\APITask.Tests.csproj", "{AA5EF1F5-D644-42D4-A607-B33767F544A1}"
EndProject
Project("{FAE04EC0-301F-11D3-BF4B-00C04F79EFBC}") = "APITask", "APITask\APITask.csproj", "{BA641686-078B-4E65-8B8C-C5F58D88497E}"
EndProject
Global
	GlobalSection(SolutionConfigurationPlatforms) = preSolution
		Debug|Any CPU = Debug|Any CPU
		Release|Any CPU = Release|Any CPU
	EndGlobalSection
	GlobalSection(SolutionProperties) = preSolution
		HideSolutionNode = FALSE
	EndGlobalSection
	GlobalSection(ProjectConfigurationPlatforms) = postSolution
		{AA5EF1F5-D644-42D4-A607-B33767F544A1}.Debug|Any CPU.ActiveCfg = Debug|Any CPU
		{AA5EF1F5-D644-42D4-A607-B33767F544A1}.Debug|Any CPU.Build.0 = Debug|Any CPU
		{AA5EF1F5-D644-42D4-A607-B33767F544A1}.Release|Any CPU.ActiveCfg = Release|Any CPU
		{AA5EF1F5-D644-42D4-A607-B33767F544A1}.Release|Any CPU.Build.0 = Release|Any CPU
		{BA641686-078B-4E65-8B8C-C5F58D88497E}.Debug|Any CPU.ActiveCfg = Debug|Any CPU
		{BA641686-078B-4E65-8B8C-C5F58D88497E}.Debug|Any CPU.Build.0 = Debug|Any CPU
		{BA641686-078B-4E65-8B8C-C5F58D88497E}.Release|Any CPU.ActiveCfg = Release|Any CPU
		{BA641686-078B-4E65-8B8C-C5F58D88497E}.Release|Any CPU.Build.0 = Release|Any CPU
	EndGlobalSection
EndGlobal
